
Microsoft Visual Studio Solution File, Format Version 12.00
# Visual Studio Version 17
VisualStudioVersion = 17.12.35527.113
MinimumVisualStudioVersion = 10.0.40219.1
Project("{8BC9CEB8-8B4A-11D0-8D11-00A0C91BC942}") = "10.1 myswap() 함수 중복", "10.1 myswap() 함수 중복\10.1 myswap() 함수 중복.vcxproj", "{C0F23E65-5801-4C2B-88AE-6AA210E69B68}"
EndProject
Project("{8BC9CEB8-8B4A-11D0-8D11-00A0C91BC942}") = "예제 10-1", "예제 10-1\예제 10-1.vcxproj", "{9F07CE80-7946-4BFF-A4BE-BE979D88C2DA}"
EndProject
Project("{8BC9CEB8-8B4A-11D0-8D11-00A0C91BC942}") = "예제 10-2", "예제 10-2\예제 10-2.vcxproj", "{91907F58-B46D-4822-892A-85E962F3A6F7}"
EndProject
Project("{8BC9CEB8-8B4A-11D0-8D11-00A0C91BC942}") = "예제 10-3", "예제 10-3\예제 10-3.vcxproj", "{F520706C-FC08-4D0F-9C64-25A885DE9DAD}"
EndProject
Project("{8BC9CEB8-8B4A-11D0-8D11-00A0C91BC942}") = "예제 10-4", "예제 10-4\예제 10-4.vcxproj", "{BCE5198D-8CB7-4D67-9CA2-6768B62589A9}"
EndProject
Project("{8BC9CEB8-8B4A-11D0-8D11-00A0C91BC942}") = "예제 10-5", "예제 10-5\예제 10-5.vcxproj", "{70F3C7D1-9BB8-4B8F-8CFC-1D24E0F659CF}"
EndProject
Project("{8BC9CEB8-8B4A-11D0-8D11-00A0C91BC942}") = "예제 10-6", "예제 10-6\예제 10-6.vcxproj", "{083267DD-DDF3-4847-8342-0BAA22995464}"
EndProject
Project("{8BC9CEB8-8B4A-11D0-8D11-00A0C91BC942}") = "예제 10-7", "예제 10-7\예제 10-7.vcxproj", "{8DDE5587-AFCD-4860-818C-EB631663C77E}"
EndProject
Project("{8BC9CEB8-8B4A-11D0-8D11-00A0C91BC942}") = "예제 10-8", "예제 10-8\예제 10-8.vcxproj", "{B96D3BE3-F4FC-4A46-99D1-06B2B7C686CC}"
EndProject
Project("{8BC9CEB8-8B4A-11D0-8D11-00A0C91BC942}") = "예제 10-9", "예제 10-9\예제 10-9.vcxproj", "{559B022A-4D61-4D85-8059-89C008D26BA6}"
EndProject
Project("{8BC9CEB8-8B4A-11D0-8D11-00A0C91BC942}") = "예제 10-10", "예제 10-10\예제 10-10.vcxproj", "{4A371E5E-F5B4-490C-9036-98C445D0E2EB}"
EndProject
Project("{8BC9CEB8-8B4A-11D0-8D11-00A0C91BC942}") = "예제 10-11", "예제 10-11\예제 10-11.vcxproj", "{45C84728-D22C-4070-A1CA-F94481245646}"
EndProject
Project("{8BC9CEB8-8B4A-11D0-8D11-00A0C91BC942}") = "예제 10-12", "예제 10-12\예제 10-12.vcxproj", "{994F59BD-51EF-4F7A-BDC3-7FAA922E90D4}"
EndProject
Global
	GlobalSection(SolutionConfigurationPlatforms) = preSolution
		Debug|x64 = Debug|x64
		Debug|x86 = Debug|x86
		Release|x64 = Release|x64
		Release|x86 = Release|x86
	EndGlobalSection
	GlobalSection(ProjectConfigurationPlatforms) = postSolution
		{C0F23E65-5801-4C2B-88AE-6AA210E69B68}.Debug|x64.ActiveCfg = Debug|x64
		{C0F23E65-5801-4C2B-88AE-6AA210E69B68}.Debug|x64.Build.0 = Debug|x64
		{C0F23E65-5801-4C2B-88AE-6AA210E69B68}.Debug|x86.ActiveCfg = Debug|Win32
		{C0F23E65-5801-4C2B-88AE-6AA210E69B68}.Debug|x86.Build.0 = Debug|Win32
		{C0F23E65-5801-4C2B-88AE-6AA210E69B68}.Release|x64.ActiveCfg = Release|x64
		{C0F23E65-5801-4C2B-88AE-6AA210E69B68}.Release|x64.Build.0 = Release|x64
		{C0F23E65-5801-4C2B-88AE-6AA210E69B68}.Release|x86.ActiveCfg = Release|Win32
		{C0F23E65-5801-4C2B-88AE-6AA210E69B68}.Release|x86.Build.0 = Release|Win32
		{9F07CE80-7946-4BFF-A4BE-BE979D88C2DA}.Debug|x64.ActiveCfg = Debug|x64
		{9F07CE80-7946-4BFF-A4BE-BE979D88C2DA}.Debug|x64.Build.0 = Debug|x64
		{9F07CE80-7946-4BFF-A4BE-BE979D88C2DA}.Debug|x86.ActiveCfg = Debug|Win32
		{9F07CE80-7946-4BFF-A4BE-BE979D88C2DA}.Debug|x86.Build.0 = Debug|Win32
		{9F07CE80-7946-4BFF-A4BE-BE979D88C2DA}.Release|x64.ActiveCfg = Release|x64
		{9F07CE80-7946-4BFF-A4BE-BE979D88C2DA}.Release|x64.Build.0 = Release|x64
		{9F07CE80-7946-4BFF-A4BE-BE979D88C2DA}.Release|x86.ActiveCfg = Release|Win32
		{9F07CE80-7946-4BFF-A4BE-BE979D88C2DA}.Release|x86.Build.0 = Release|Win32
		{91907F58-B46D-4822-892A-85E962F3A6F7}.Debug|x64.ActiveCfg = Debug|x64
		{91907F58-B46D-4822-892A-85E962F3A6F7}.Debug|x64.Build.0 = Debug|x64
		{91907F58-B46D-4822-892A-85E962F3A6F7}.Debug|x86.ActiveCfg = Debug|Win32
		{91907F58-B46D-4822-892A-85E962F3A6F7}.Debug|x86.Build.0 = Debug|Win32
		{91907F58-B46D-4822-892A-85E962F3A6F7}.Release|x64.ActiveCfg = Release|x64
		{91907F58-B46D-4822-892A-85E962F3A6F7}.Release|x64.Build.0 = Release|x64
		{91907F58-B46D-4822-892A-85E962F3A6F7}.Release|x86.ActiveCfg = Release|Win32
		{91907F58-B46D-4822-892A-85E962F3A6F7}.Release|x86.Build.0 = Release|Win32
		{F520706C-FC08-4D0F-9C64-25A885DE9DAD}.Debug|x64.ActiveCfg = Debug|x64
		{F520706C-FC08-4D0F-9C64-25A885DE9DAD}.Debug|x64.Build.0 = Debug|x64
		{F520706C-FC08-4D0F-9C64-25A885DE9DAD}.Debug|x86.ActiveCfg = Debug|Win32
		{F520706C-FC08-4D0F-9C64-25A885DE9DAD}.Debug|x86.Build.0 = Debug|Win32
		{F520706C-FC08-4D0F-9C64-25A885DE9DAD}.Release|x64.ActiveCfg = Release|x64
		{F520706C-FC08-4D0F-9C64-25A885DE9DAD}.Release|x64.Build.0 = Release|x64
		{F520706C-FC08-4D0F-9C64-25A885DE9DAD}.Release|x86.ActiveCfg = Release|Win32
		{F520706C-FC08-4D0F-9C64-25A885DE9DAD}.Release|x86.Build.0 = Release|Win32
		{BCE5198D-8CB7-4D67-9CA2-6768B62589A9}.Debug|x64.ActiveCfg = Debug|x64
		{BCE5198D-8CB7-4D67-9CA2-6768B62589A9}.Debug|x64.Build.0 = Debug|x64
		{BCE5198D-8CB7-4D67-9CA2-6768B62589A9}.Debug|x86.ActiveCfg = Debug|Win32
		{BCE5198D-8CB7-4D67-9CA2-6768B62589A9}.Debug|x86.Build.0 = Debug|Win32
		{BCE5198D-8CB7-4D67-9CA2-6768B62589A9}.Release|x64.ActiveCfg = Release|x64
		{BCE5198D-8CB7-4D67-9CA2-6768B62589A9}.Release|x64.Build.0 = Release|x64
		{BCE5198D-8CB7-4D67-9CA2-6768B62589A9}.Release|x86.ActiveCfg = Release|Win32
		{BCE5198D-8CB7-4D67-9CA2-6768B62589A9}.Release|x86.Build.0 = Release|Win32
		{70F3C7D1-9BB8-4B8F-8CFC-1D24E0F659CF}.Debug|x64.ActiveCfg = Debug|x64
		{70F3C7D1-9BB8-4B8F-8CFC-1D24E0F659CF}.Debug|x64.Build.0 = Debug|x64
		{70F3C7D1-9BB8-4B8F-8CFC-1D24E0F659CF}.Debug|x86.ActiveCfg = Debug|Win32
		{70F3C7D1-9BB8-4B8F-8CFC-1D24E0F659CF}.Debug|x86.Build.0 = Debug|Win32
		{70F3C7D1-9BB8-4B8F-8CFC-1D24E0F659CF}.Release|x64.ActiveCfg = Release|x64
		{70F3C7D1-9BB8-4B8F-8CFC-1D24E0F659CF}.Release|x64.Build.0 = Release|x64
		{70F3C7D1-9BB8-4B8F-8CFC-1D24E0F659CF}.Release|x86.ActiveCfg = Release|Win32
		{70F3C7D1-9BB8-4B8F-8CFC-1D24E0F659CF}.Release|x86.Build.0 = Release|Win32
		{083267DD-DDF3-4847-8342-0BAA22995464}.Debug|x64.ActiveCfg = Debug|x64
		{083267DD-DDF3-4847-8342-0BAA22995464}.Debug|x64.Build.0 = Debug|x64
		{083267DD-DDF3-4847-8342-0BAA22995464}.Debug|x86.ActiveCfg = Debug|Win32
		{083267DD-DDF3-4847-8342-0BAA22995464}.Debug|x86.Build.0 = Debug|Win32
		{083267DD-DDF3-4847-8342-0BAA22995464}.Release|x64.ActiveCfg = Release|x64
		{083267DD-DDF3-4847-8342-0BAA22995464}.Release|x64.Build.0 = Release|x64
		{083267DD-DDF3-4847-8342-0BAA22995464}.Release|x86.ActiveCfg = Release|Win32
		{083267DD-DDF3-4847-8342-0BAA22995464}.Release|x86.Build.0 = Release|Win32
		{8DDE5587-AFCD-4860-818C-EB631663C77E}.Debug|x64.ActiveCfg = Debug|x64
		{8DDE5587-AFCD-4860-818C-EB631663C77E}.Debug|x64.Build.0 = Debug|x64
		{8DDE5587-AFCD-4860-818C-EB631663C77E}.Debug|x86.ActiveCfg = Debug|Win32
		{8DDE5587-AFCD-4860-818C-EB631663C77E}.Debug|x86.Build.0 = Debug|Win32
		{8DDE5587-AFCD-4860-818C-EB631663C77E}.Release|x64.ActiveCfg = Release|x64
		{8DDE5587-AFCD-4860-818C-EB631663C77E}.Release|x64.Build.0 = Release|x64
		{8DDE5587-AFCD-4860-818C-EB631663C77E}.Release|x86.ActiveCfg = Release|Win32
		{8DDE5587-AFCD-4860-818C-EB631663C77E}.Release|x86.Build.0 = Release|Win32
		{B96D3BE3-F4FC-4A46-99D1-06B2B7C686CC}.Debug|x64.ActiveCfg = Debug|x64
		{B96D3BE3-F4FC-4A46-99D1-06B2B7C686CC}.Debug|x64.Build.0 = Debug|x64
		{B96D3BE3-F4FC-4A46-99D1-06B2B7C686CC}.Debug|x86.ActiveCfg = Debug|Win32
		{B96D3BE3-F4FC-4A46-99D1-06B2B7C686CC}.Debug|x86.Build.0 = Debug|Win32
		{B96D3BE3-F4FC-4A46-99D1-06B2B7C686CC}.Release|x64.ActiveCfg = Release|x64
		{B96D3BE3-F4FC-4A46-99D1-06B2B7C686CC}.Release|x64.Build.0 = Release|x64
		{B96D3BE3-F4FC-4A46-99D1-06B2B7C686CC}.Release|x86.ActiveCfg = Release|Win32
		{B96D3BE3-F4FC-4A46-99D1-06B2B7C686CC}.Release|x86.Build.0 = Release|Win32
		{559B022A-4D61-4D85-8059-89C008D26BA6}.Debug|x64.ActiveCfg = Debug|x64
		{559B022A-4D61-4D85-8059-89C008D26BA6}.Debug|x64.Build.0 = Debug|x64
		{559B022A-4D61-4D85-8059-89C008D26BA6}.Debug|x86.ActiveCfg = Debug|Win32
		{559B022A-4D61-4D85-8059-89C008D26BA6}.Debug|x86.Build.0 = Debug|Win32
		{559B022A-4D61-4D85-8059-89C008D26BA6}.Release|x64.ActiveCfg = Release|x64
		{559B022A-4D61-4D85-8059-89C008D26BA6}.Release|x64.Build.0 = Release|x64
		{559B022A-4D61-4D85-8059-89C008D26BA6}.Release|x86.ActiveCfg = Release|Win32
		{559B022A-4D61-4D85-8059-89C008D26BA6}.Release|x86.Build.0 = Release|Win32
		{4A371E5E-F5B4-490C-9036-98C445D0E2EB}.Debug|x64.ActiveCfg = Debug|x64
		{4A371E5E-F5B4-490C-9036-98C445D0E2EB}.Debug|x64.Build.0 = Debug|x64
		{4A371E5E-F5B4-490C-9036-98C445D0E2EB}.Debug|x86.ActiveCfg = Debug|Win32
		{4A371E5E-F5B4-490C-9036-98C445D0E2EB}.Debug|x86.Build.0 = Debug|Win32
		{4A371E5E-F5B4-490C-9036-98C445D0E2EB}.Release|x64.ActiveCfg = Release|x64
		{4A371E5E-F5B4-490C-9036-98C445D0E2EB}.Release|x64.Build.0 = Release|x64
		{4A371E5E-F5B4-490C-9036-98C445D0E2EB}.Release|x86.ActiveCfg = Release|Win32
		{4A371E5E-F5B4-490C-9036-98C445D0E2EB}.Release|x86.Build.0 = Release|Win32
		{45C84728-D22C-4070-A1CA-F94481245646}.Debug|x64.ActiveCfg = Debug|x64
		{45C84728-D22C-4070-A1CA-F94481245646}.Debug|x64.Build.0 = Debug|x64
		{45C84728-D22C-4070-A1CA-F94481245646}.Debug|x86.ActiveCfg = Debug|Win32
		{45C84728-D22C-4070-A1CA-F94481245646}.Debug|x86.Build.0 = Debug|Win32
		{45C84728-D22C-4070-A1CA-F94481245646}.Release|x64.ActiveCfg = Release|x64
		{45C84728-D22C-4070-A1CA-F94481245646}.Release|x64.Build.0 = Release|x64
		{45C84728-D22C-4070-A1CA-F94481245646}.Release|x86.ActiveCfg = Release|Win32
		{45C84728-D22C-4070-A1CA-F94481245646}.Release|x86.Build.0 = Release|Win32
		{994F59BD-51EF-4F7A-BDC3-7FAA922E90D4}.Debug|x64.ActiveCfg = Debug|x64
		{994F59BD-51EF-4F7A-BDC3-7FAA922E90D4}.Debug|x64.Build.0 = Debug|x64
		{994F59BD-51EF-4F7A-BDC3-7FAA922E90D4}.Debug|x86.ActiveCfg = Debug|Win32
		{994F59BD-51EF-4F7A-BDC3-7FAA922E90D4}.Debug|x86.Build.0 = Debug|Win32
		{994F59BD-51EF-4F7A-BDC3-7FAA922E90D4}.Release|x64.ActiveCfg = Release|x64
		{994F59BD-51EF-4F7A-BDC3-7FAA922E90D4}.Release|x64.Build.0 = Release|x64
		{994F59BD-51EF-4F7A-BDC3-7FAA922E90D4}.Release|x86.ActiveCfg = Release|Win32
		{994F59BD-51EF-4F7A-BDC3-7FAA922E90D4}.Release|x86.Build.0 = Release|Win32
	EndGlobalSection
	GlobalSection(SolutionProperties) = preSolution
		HideSolutionNode = FALSE
	EndGlobalSection
	GlobalSection(ExtensibilityGlobals) = postSolution
		SolutionGuid = {50B0246D-88A0-40DC-92EA-4D3C1EF0EFED}
	EndGlobalSection
EndGlobal
